
Microsoft Visual Studio Solution File, Format Version 12.00
# Visual Studio Version 17
VisualStudioVersion = 17.11.35312.102
MinimumVisualStudioVersion = 10.0.40219.1
Project("{FAE04EC0-301F-11D3-BF4B-00C04F79EFBC}") = "DocPlanner", "DocPlanner\DocPlanner.csproj", "{FE46D970-2108-4992-8075-30F44DC5078C}"
EndProject
Project("{FAE04EC0-301F-11D3-BF4B-00C04F79EFBC}") = "DocPlannerTests", "DocPlannerTests\DocPlannerTests.csproj", "{6A2ED138-498C-40D8-9F4D-8453D4893D72}"
EndProject
Global
	GlobalSection(SolutionConfigurationPlatforms) = preSolution
		Debug|Any CPU = Debug|Any CPU
		Release|Any CPU = Release|Any CPU
	EndGlobalSection
	GlobalSection(ProjectConfigurationPlatforms) = postSolution
		{FE46D970-2108-4992-8075-30F44DC5078C}.Debug|Any CPU.ActiveCfg = Debug|Any CPU
		{FE46D970-2108-4992-8075-30F44DC5078C}.Debug|Any CPU.Build.0 = Debug|Any CPU
		{FE46D970-2108-4992-8075-30F44DC5078C}.Release|Any CPU.ActiveCfg = Release|Any CPU
		{FE46D970-2108-4992-8075-30F44DC5078C}.Release|Any CPU.Build.0 = Release|Any CPU
		{6A2ED138-498C-40D8-9F4D-8453D4893D72}.Debug|Any CPU.ActiveCfg = Debug|Any CPU
		{6A2ED138-498C-40D8-9F4D-8453D4893D72}.Debug|Any CPU.Build.0 = Debug|Any CPU
		{6A2ED138-498C-40D8-9F4D-8453D4893D72}.Release|Any CPU.ActiveCfg = Release|Any CPU
		{6A2ED138-498C-40D8-9F4D-8453D4893D72}.Release|Any CPU.Build.0 = Release|Any CPU
	EndGlobalSection
	GlobalSection(SolutionProperties) = preSolution
		HideSolutionNode = FALSE
	EndGlobalSection
	GlobalSection(ExtensibilityGlobals) = postSolution
		SolutionGuid = {852BB0B3-3DAF-4353-BF26-2A4757C15F03}
	EndGlobalSection
EndGlobal
